
Microsoft Visual Studio Solution File, Format Version 12.00
# Visual Studio Version 16
VisualStudioVersion = 16.0.28803.352
MinimumVisualStudioVersion = 10.0.40219.1
Project("{FAE04EC0-301F-11D3-BF4B-00C04F79EFBC}") = "LNAgenciaviaje", "LNAgenciaviaje\LNAgenciaviaje.csproj", "{19864D14-3865-4ABE-8CF5-D74390FF5613}"
EndProject
Global
	GlobalSection(SolutionConfigurationPlatforms) = preSolution
		Debug|Any CPU = Debug|Any CPU
		Release|Any CPU = Release|Any CPU
	EndGlobalSection
	GlobalSection(ProjectConfigurationPlatforms) = postSolution
		{19864D14-3865-4ABE-8CF5-D74390FF5613}.Debug|Any CPU.ActiveCfg = Debug|Any CPU
		{19864D14-3865-4ABE-8CF5-D74390FF5613}.Debug|Any CPU.Build.0 = Debug|Any CPU
		{19864D14-3865-4ABE-8CF5-D74390FF5613}.Release|Any CPU.ActiveCfg = Release|Any CPU
		{19864D14-3865-4ABE-8CF5-D74390FF5613}.Release|Any CPU.Build.0 = Release|Any CPU
	EndGlobalSection
	GlobalSection(SolutionProperties) = preSolution
		HideSolutionNode = FALSE
	EndGlobalSection
	GlobalSection(ExtensibilityGlobals) = postSolution
		SolutionGuid = {8832736A-E74F-4778-BC65-DB4F66A5D749}
	EndGlobalSection
EndGlobal
